
Microsoft Visual Studio Solution File, Format Version 12.00
# Visual Studio 15
Project("{FAE04EC0-301F-11D3-BF4B-00C04F79EFBC}") = "UnityEngine.UI", "UnityEngine.UI.csproj", "{07A24070-E1C7-ABCF-832A-B081499900BF}"
EndProject
Project("{FAE04EC0-301F-11D3-BF4B-00C04F79EFBC}") = "UnityEngine.TestRunner", "UnityEngine.TestRunner.csproj", "{76CE161C-8BC8-5C51-3DCD-80C01374A53D}"
EndProject
Project("{FAE04EC0-301F-11D3-BF4B-00C04F79EFBC}") = "Unity.Mathematics", "Unity.Mathematics.csproj", "{94C48AA3-9629-CC23-3C70-4DEB1496EDCC}"
EndProject
Project("{FAE04EC0-301F-11D3-BF4B-00C04F79EFBC}") = "Unity.2D.Animation.Triangle.Runtime", "Unity.2D.Animation.Triangle.Runtime.csproj", "{D2372500-65DC-21B9-F422-F66A14888239}"
EndProject
Project("{FAE04EC0-301F-11D3-BF4B-00C04F79EFBC}") = "Unity.Timeline", "Unity.Timeline.csproj", "{F31071D1-B41E-AA05-D746-B01F24F2375C}"
EndProject
Project("{FAE04EC0-301F-11D3-BF4B-00C04F79EFBC}") = "Unity.TextMeshPro", "Unity.TextMeshPro.csproj", "{7263F878-19A7-0252-0F33-0A04363AA1E6}"
EndProject
Project("{FAE04EC0-301F-11D3-BF4B-00C04F79EFBC}") = "Unity.2D.Animation.Runtime", "Unity.2D.Animation.Runtime.csproj", "{743C24ED-CC91-DF2A-2D37-CC3A70119183}"
EndProject
Project("{FAE04EC0-301F-11D3-BF4B-00C04F79EFBC}") = "Unity.2D.IK.Runtime", "Unity.2D.IK.Runtime.csproj", "{0B063CF5-62C3-C02B-5FD1-612AFFC87E92}"
EndProject
Project("{FAE04EC0-301F-11D3-BF4B-00C04F79EFBC}") = "Unity.2D.SpriteShape.Runtime", "Unity.2D.SpriteShape.Runtime.csproj", "{7F472CB6-9786-A7A1-D276-6A42C74B16C5}"
EndProject
Project("{FAE04EC0-301F-11D3-BF4B-00C04F79EFBC}") = "Unity.2D.PixelPerfect", "Unity.2D.PixelPerfect.csproj", "{64B7A4F1-8512-4B5B-8436-D2437E72CD85}"
EndProject
Project("{FAE04EC0-301F-11D3-BF4B-00C04F79EFBC}") = "Unity.2D.Common.Runtime", "Unity.2D.Common.Runtime.csproj", "{9F99FC24-E958-D010-A3F4-B76F575A3096}"
EndProject
Project("{FAE04EC0-301F-11D3-BF4B-00C04F79EFBC}") = "Assembly-CSharp", "Assembly-CSharp.csproj", "{C91AC031-52BE-1FC5-2357-440F09A3181F}"
EndProject
Project("{FAE04EC0-301F-11D3-BF4B-00C04F79EFBC}") = "Unity.InternalAPIEngineBridge.001", "Unity.InternalAPIEngineBridge.001.csproj", "{5F4CF872-5FA9-74E2-064F-55072570E474}"
EndProject
Project("{FAE04EC0-301F-11D3-BF4B-00C04F79EFBC}") = "UnityEditor.TestRunner", "UnityEditor.TestRunner.csproj", "{A59B326E-5048-9573-9014-5AE155D4E5BF}"
EndProject
Project("{FAE04EC0-301F-11D3-BF4B-00C04F79EFBC}") = "Unity.PlasticSCM.Editor", "Unity.PlasticSCM.Editor.csproj", "{7875B2C9-FC9C-0191-C5A6-67E92A6EA014}"
EndProject
Project("{FAE04EC0-301F-11D3-BF4B-00C04F79EFBC}") = "UnityEditor.UI", "UnityEditor.UI.csproj", "{71827487-88C7-3FA7-ABD4-DDE2E4E97613}"
EndProject
Project("{FAE04EC0-301F-11D3-BF4B-00C04F79EFBC}") = "Unity.Services.Core.Editor", "Unity.Services.Core.Editor.csproj", "{5D0D0187-6630-149B-93D9-F8B4BBAE4EB3}"
EndProject
Project("{FAE04EC0-301F-11D3-BF4B-00C04F79EFBC}") = "Unity.Timeline.Editor", "Unity.Timeline.Editor.csproj", "{913606D6-DEBA-C205-10AC-1725FA27020E}"
EndProject
Project("{FAE04EC0-301F-11D3-BF4B-00C04F79EFBC}") = "Unity.VisualStudio.Editor", "Unity.VisualStudio.Editor.csproj", "{F906E6B3-426E-F33F-CFA5-7AE4BB670D51}"
EndProject
Project("{FAE04EC0-301F-11D3-BF4B-00C04F79EFBC}") = "Unity.2D.Psdimporter.Editor", "Unity.2D.Psdimporter.Editor.csproj", "{2B7BFE68-4CC9-AF05-319E-9F2D88412253}"
EndProject
Project("{FAE04EC0-301F-11D3-BF4B-00C04F79EFBC}") = "Unity.2D.Animation.Editor", "Unity.2D.Animation.Editor.csproj", "{A215C375-8EB8-A78D-7A24-BF7F6A7962CE}"
EndProject
Project("{FAE04EC0-301F-11D3-BF4B-00C04F79EFBC}") = "Unity.TextMeshPro.Editor", "Unity.TextMeshPro.Editor.csproj", "{7412F675-2303-F183-8371-F484B03C14A3}"
EndProject
Project("{FAE04EC0-301F-11D3-BF4B-00C04F79EFBC}") = "Unity.2D.SpriteShape.Editor", "Unity.2D.SpriteShape.Editor.csproj", "{8D4A63A1-2FCC-7B15-2AF0-A7F4237C2164}"
EndProject
Project("{FAE04EC0-301F-11D3-BF4B-00C04F79EFBC}") = "Unity.CollabProxy.Editor", "Unity.CollabProxy.Editor.csproj", "{C540CA97-8B78-FB61-1FCF-3BD0F3058539}"
EndProject
Project("{FAE04EC0-301F-11D3-BF4B-00C04F79EFBC}") = "PsdPlugin", "PsdPlugin.csproj", "{2C6B7C00-F4D9-31CF-3887-B5D9343096BD}"
EndProject
Project("{FAE04EC0-301F-11D3-BF4B-00C04F79EFBC}") = "Unity.2D.Path.Editor", "Unity.2D.Path.Editor.csproj", "{D6D5A424-FCED-F78A-CA73-2DFC176713D4}"
EndProject
Project("{FAE04EC0-301F-11D3-BF4B-00C04F79EFBC}") = "Unity.Rider.Editor", "Unity.Rider.Editor.csproj", "{B43523EE-357D-FD53-2C49-F0C953D1C4B1}"
EndProject
Project("{FAE04EC0-301F-11D3-BF4B-00C04F79EFBC}") = "Unity.2D.IK.Editor", "Unity.2D.IK.Editor.csproj", "{D610F542-B1A9-35FC-EC38-3614760677F5}"
EndProject
Project("{FAE04EC0-301F-11D3-BF4B-00C04F79EFBC}") = "Unity.2D.Sprite.Editor", "Unity.2D.Sprite.Editor.csproj", "{5DCEB084-7902-03F3-8ED7-49A194247B45}"
EndProject
Project("{FAE04EC0-301F-11D3-BF4B-00C04F79EFBC}") = "Unity.2D.Tilemap.Editor", "Unity.2D.Tilemap.Editor.csproj", "{F23C5217-2EB7-A644-DA4E-7A8296DAAF18}"
EndProject
Project("{FAE04EC0-301F-11D3-BF4B-00C04F79EFBC}") = "Unity.2D.PixelPerfect.Editor", "Unity.2D.PixelPerfect.Editor.csproj", "{80A7DCCA-57CD-A0B8-85E6-757006A4E0F2}"
EndProject
Project("{FAE04EC0-301F-11D3-BF4B-00C04F79EFBC}") = "Unity.VSCode.Editor", "Unity.VSCode.Editor.csproj", "{7A8361CF-D92D-E093-F1EF-F8B157224369}"
EndProject
Project("{FAE04EC0-301F-11D3-BF4B-00C04F79EFBC}") = "Unity.2D.Common.Editor", "Unity.2D.Common.Editor.csproj", "{725A16AA-3960-416B-9041-6DCADE6DD0C9}"
EndProject
Project("{FAE04EC0-301F-11D3-BF4B-00C04F79EFBC}") = "Unity.Mathematics.Editor", "Unity.Mathematics.Editor.csproj", "{F53CF72E-4A2E-D796-56A0-E3E9F286576C}"
EndProject
Project("{FAE04EC0-301F-11D3-BF4B-00C04F79EFBC}") = "Unity.InternalAPIEditorBridge.001", "Unity.InternalAPIEditorBridge.001.csproj", "{84E51594-4D0A-8819-CFF9-A65240C1FA71}"
EndProject
Project("{FAE04EC0-301F-11D3-BF4B-00C04F79EFBC}") = "UnityEngine.UI", "UnityEngine.UI.Player.csproj", "{4373C282-E739-E63A-5DEA-D2A497E04643}"
EndProject
Project("{FAE04EC0-301F-11D3-BF4B-00C04F79EFBC}") = "UnityEngine.TestRunner", "UnityEngine.TestRunner.Player.csproj", "{BC9B7A1A-C7BF-E838-52FD-AF40B83BEBF3}"
EndProject
Project("{FAE04EC0-301F-11D3-BF4B-00C04F79EFBC}") = "Unity.Mathematics", "Unity.Mathematics.Player.csproj", "{F0DA584C-A9E8-B68D-5C69-57E0E3FC46EB}"
EndProject
Project("{FAE04EC0-301F-11D3-BF4B-00C04F79EFBC}") = "Unity.2D.Animation.Triangle.Runtime", "Unity.2D.Animation.Triangle.Runtime.Player.csproj", "{323DC0D2-5284-FE9B-A8F4-AB8549CFF0B9}"
EndProject
Project("{FAE04EC0-301F-11D3-BF4B-00C04F79EFBC}") = "Unity.Timeline", "Unity.Timeline.Player.csproj", "{68069635-FE86-69E8-DE3D-1473AADA9270}"
EndProject
Project("{FAE04EC0-301F-11D3-BF4B-00C04F79EFBC}") = "Unity.TextMeshPro", "Unity.TextMeshPro.Player.csproj", "{61E72658-9DFD-FBE9-DC60-3DCB0C8EA4C2}"
EndProject
Project("{FAE04EC0-301F-11D3-BF4B-00C04F79EFBC}") = "Unity.2D.Animation.Runtime", "Unity.2D.Animation.Runtime.Player.csproj", "{31F9A3FB-DC05-2AD7-8987-24413B6F8AC8}"
EndProject
Project("{FAE04EC0-301F-11D3-BF4B-00C04F79EFBC}") = "Unity.2D.IK.Runtime", "Unity.2D.IK.Runtime.Player.csproj", "{67395B8E-A7D0-0AE7-095A-5F08EACBE978}"
EndProject
Project("{FAE04EC0-301F-11D3-BF4B-00C04F79EFBC}") = "Unity.2D.SpriteShape.Runtime", "Unity.2D.SpriteShape.Runtime.Player.csproj", "{D4854FE3-C1B1-A29F-64CA-0D68A35F9157}"
EndProject
Project("{FAE04EC0-301F-11D3-BF4B-00C04F79EFBC}") = "Unity.2D.PixelPerfect", "Unity.2D.PixelPerfect.Player.csproj", "{9E5E785D-3A5B-2596-5BDD-7296CA79A370}"
EndProject
Project("{FAE04EC0-301F-11D3-BF4B-00C04F79EFBC}") = "Unity.2D.Common.Runtime", "Unity.2D.Common.Runtime.Player.csproj", "{65AAF4B1-5295-03EE-5876-46C52C2AEA09}"
EndProject
Project("{FAE04EC0-301F-11D3-BF4B-00C04F79EFBC}") = "Assembly-CSharp", "Assembly-CSharp.Player.csproj", "{236779CB-3982-4D4B-02B0-0613635D620E}"
EndProject
Project("{FAE04EC0-301F-11D3-BF4B-00C04F79EFBC}") = "Unity.InternalAPIEngineBridge.001", "Unity.InternalAPIEngineBridge.001.Player.csproj", "{9B7A556E-2621-72B5-C372-D921E65D004F}"
EndProject
Global
	GlobalSection(SolutionConfigurationPlatforms) = preSolution
		Debug|Any CPU = Debug|Any CPU
		Release|Any CPU = Release|Any CPU
	EndGlobalSection
	GlobalSection(ProjectConfigurationPlatforms) = postSolution
		{07A24070-E1C7-ABCF-832A-B081499900BF}.Debug|Any CPU.ActiveCfg = Debug|Any CPU
		{07A24070-E1C7-ABCF-832A-B081499900BF}.Debug|Any CPU.Build.0 = Debug|Any CPU
		{07A24070-E1C7-ABCF-832A-B081499900BF}.Release|Any CPU.ActiveCfg = Release|Any CPU
		{07A24070-E1C7-ABCF-832A-B081499900BF}.Release|Any CPU.Build.0 = Release|Any CPU
		{76CE161C-8BC8-5C51-3DCD-80C01374A53D}.Debug|Any CPU.ActiveCfg = Debug|Any CPU
		{76CE161C-8BC8-5C51-3DCD-80C01374A53D}.Debug|Any CPU.Build.0 = Debug|Any CPU
		{76CE161C-8BC8-5C51-3DCD-80C01374A53D}.Release|Any CPU.ActiveCfg = Release|Any CPU
		{76CE161C-8BC8-5C51-3DCD-80C01374A53D}.Release|Any CPU.Build.0 = Release|Any CPU
		{94C48AA3-9629-CC23-3C70-4DEB1496EDCC}.Debug|Any CPU.ActiveCfg = Debug|Any CPU
		{94C48AA3-9629-CC23-3C70-4DEB1496EDCC}.Debug|Any CPU.Build.0 = Debug|Any CPU
		{94C48AA3-9629-CC23-3C70-4DEB1496EDCC}.Release|Any CPU.ActiveCfg = Release|Any CPU
		{94C48AA3-9629-CC23-3C70-4DEB1496EDCC}.Release|Any CPU.Build.0 = Release|Any CPU
		{D2372500-65DC-21B9-F422-F66A14888239}.Debug|Any CPU.ActiveCfg = Debug|Any CPU
		{D2372500-65DC-21B9-F422-F66A14888239}.Debug|Any CPU.Build.0 = Debug|Any CPU
		{D2372500-65DC-21B9-F422-F66A14888239}.Release|Any CPU.ActiveCfg = Release|Any CPU
		{D2372500-65DC-21B9-F422-F66A14888239}.Release|Any CPU.Build.0 = Release|Any CPU
		{F31071D1-B41E-AA05-D746-B01F24F2375C}.Debug|Any CPU.ActiveCfg = Debug|Any CPU
		{F31071D1-B41E-AA05-D746-B01F24F2375C}.Debug|Any CPU.Build.0 = Debug|Any CPU
		{F31071D1-B41E-AA05-D746-B01F24F2375C}.Release|Any CPU.ActiveCfg = Release|Any CPU
		{F31071D1-B41E-AA05-D746-B01F24F2375C}.Release|Any CPU.Build.0 = Release|Any CPU
		{7263F878-19A7-0252-0F33-0A04363AA1E6}.Debug|Any CPU.ActiveCfg = Debug|Any CPU
		{7263F878-19A7-0252-0F33-0A04363AA1E6}.Debug|Any CPU.Build.0 = Debug|Any CPU
		{7263F878-19A7-0252-0F33-0A04363AA1E6}.Release|Any CPU.ActiveCfg = Release|Any CPU
		{7263F878-19A7-0252-0F33-0A04363AA1E6}.Release|Any CPU.Build.0 = Release|Any CPU
		{743C24ED-CC91-DF2A-2D37-CC3A70119183}.Debug|Any CPU.ActiveCfg = Debug|Any CPU
		{743C24ED-CC91-DF2A-2D37-CC3A70119183}.Debug|Any CPU.Build.0 = Debug|Any CPU
		{743C24ED-CC91-DF2A-2D37-CC3A70119183}.Release|Any CPU.ActiveCfg = Release|Any CPU
		{743C24ED-CC91-DF2A-2D37-CC3A70119183}.Release|Any CPU.Build.0 = Release|Any CPU
		{0B063CF5-62C3-C02B-5FD1-612AFFC87E92}.Debug|Any CPU.ActiveCfg = Debug|Any CPU
		{0B063CF5-62C3-C02B-5FD1-612AFFC87E92}.Debug|Any CPU.Build.0 = Debug|Any CPU
		{0B063CF5-62C3-C02B-5FD1-612AFFC87E92}.Release|Any CPU.ActiveCfg = Release|Any CPU
		{0B063CF5-62C3-C02B-5FD1-612AFFC87E92}.Release|Any CPU.Build.0 = Release|Any CPU
		{7F472CB6-9786-A7A1-D276-6A42C74B16C5}.Debug|Any CPU.ActiveCfg = Debug|Any CPU
		{7F472CB6-9786-A7A1-D276-6A42C74B16C5}.Debug|Any CPU.Build.0 = Debug|Any CPU
		{7F472CB6-9786-A7A1-D276-6A42C74B16C5}.Release|Any CPU.ActiveCfg = Release|Any CPU
		{7F472CB6-9786-A7A1-D276-6A42C74B16C5}.Release|Any CPU.Build.0 = Release|Any CPU
		{64B7A4F1-8512-4B5B-8436-D2437E72CD85}.Debug|Any CPU.ActiveCfg = Debug|Any CPU
		{64B7A4F1-8512-4B5B-8436-D2437E72CD85}.Debug|Any CPU.Build.0 = Debug|Any CPU
		{64B7A4F1-8512-4B5B-8436-D2437E72CD85}.Release|Any CPU.ActiveCfg = Release|Any CPU
		{64B7A4F1-8512-4B5B-8436-D2437E72CD85}.Release|Any CPU.Build.0 = Release|Any CPU
		{9F99FC24-E958-D010-A3F4-B76F575A3096}.Debug|Any CPU.ActiveCfg = Debug|Any CPU
		{9F99FC24-E958-D010-A3F4-B76F575A3096}.Debug|Any CPU.Build.0 = Debug|Any CPU
		{9F99FC24-E958-D010-A3F4-B76F575A3096}.Release|Any CPU.ActiveCfg = Release|Any CPU
		{9F99FC24-E958-D010-A3F4-B76F575A3096}.Release|Any CPU.Build.0 = Release|Any CPU
		{C91AC031-52BE-1FC5-2357-440F09A3181F}.Debug|Any CPU.ActiveCfg = Debug|Any CPU
		{C91AC031-52BE-1FC5-2357-440F09A3181F}.Debug|Any CPU.Build.0 = Debug|Any CPU
		{C91AC031-52BE-1FC5-2357-440F09A3181F}.Release|Any CPU.ActiveCfg = Release|Any CPU
		{C91AC031-52BE-1FC5-2357-440F09A3181F}.Release|Any CPU.Build.0 = Release|Any CPU
		{5F4CF872-5FA9-74E2-064F-55072570E474}.Debug|Any CPU.ActiveCfg = Debug|Any CPU
		{5F4CF872-5FA9-74E2-064F-55072570E474}.Debug|Any CPU.Build.0 = Debug|Any CPU
		{5F4CF872-5FA9-74E2-064F-55072570E474}.Release|Any CPU.ActiveCfg = Release|Any CPU
		{5F4CF872-5FA9-74E2-064F-55072570E474}.Release|Any CPU.Build.0 = Release|Any CPU
		{A59B326E-5048-9573-9014-5AE155D4E5BF}.Debug|Any CPU.ActiveCfg = Debug|Any CPU
		{A59B326E-5048-9573-9014-5AE155D4E5BF}.Debug|Any CPU.Build.0 = Debug|Any CPU
		{A59B326E-5048-9573-9014-5AE155D4E5BF}.Release|Any CPU.ActiveCfg = Release|Any CPU
		{A59B326E-5048-9573-9014-5AE155D4E5BF}.Release|Any CPU.Build.0 = Release|Any CPU
		{7875B2C9-FC9C-0191-C5A6-67E92A6EA014}.Debug|Any CPU.ActiveCfg = Debug|Any CPU
		{7875B2C9-FC9C-0191-C5A6-67E92A6EA014}.Debug|Any CPU.Build.0 = Debug|Any CPU
		{7875B2C9-FC9C-0191-C5A6-67E92A6EA014}.Release|Any CPU.ActiveCfg = Release|Any CPU
		{7875B2C9-FC9C-0191-C5A6-67E92A6EA014}.Release|Any CPU.Build.0 = Release|Any CPU
		{71827487-88C7-3FA7-ABD4-DDE2E4E97613}.Debug|Any CPU.ActiveCfg = Debug|Any CPU
		{71827487-88C7-3FA7-ABD4-DDE2E4E97613}.Debug|Any CPU.Build.0 = Debug|Any CPU
		{71827487-88C7-3FA7-ABD4-DDE2E4E97613}.Release|Any CPU.ActiveCfg = Release|Any CPU
		{71827487-88C7-3FA7-ABD4-DDE2E4E97613}.Release|Any CPU.Build.0 = Release|Any CPU
		{5D0D0187-6630-149B-93D9-F8B4BBAE4EB3}.Debug|Any CPU.ActiveCfg = Debug|Any CPU
		{5D0D0187-6630-149B-93D9-F8B4BBAE4EB3}.Debug|Any CPU.Build.0 = Debug|Any CPU
		{5D0D0187-6630-149B-93D9-F8B4BBAE4EB3}.Release|Any CPU.ActiveCfg = Release|Any CPU
		{5D0D0187-6630-149B-93D9-F8B4BBAE4EB3}.Release|Any CPU.Build.0 = Release|Any CPU
		{913606D6-DEBA-C205-10AC-1725FA27020E}.Debug|Any CPU.ActiveCfg = Debug|Any CPU
		{913606D6-DEBA-C205-10AC-1725FA27020E}.Debug|Any CPU.Build.0 = Debug|Any CPU
		{913606D6-DEBA-C205-10AC-1725FA27020E}.Release|Any CPU.ActiveCfg = Release|Any CPU
		{913606D6-DEBA-C205-10AC-1725FA27020E}.Release|Any CPU.Build.0 = Release|Any CPU
		{F906E6B3-426E-F33F-CFA5-7AE4BB670D51}.Debug|Any CPU.ActiveCfg = Debug|Any CPU
		{F906E6B3-426E-F33F-CFA5-7AE4BB670D51}.Debug|Any CPU.Build.0 = Debug|Any CPU
		{F906E6B3-426E-F33F-CFA5-7AE4BB670D51}.Release|Any CPU.ActiveCfg = Release|Any CPU
		{F906E6B3-426E-F33F-CFA5-7AE4BB670D51}.Release|Any CPU.Build.0 = Release|Any CPU
		{2B7BFE68-4CC9-AF05-319E-9F2D88412253}.Debug|Any CPU.ActiveCfg = Debug|Any CPU
		{2B7BFE68-4CC9-AF05-319E-9F2D88412253}.Debug|Any CPU.Build.0 = Debug|Any CPU
		{2B7BFE68-4CC9-AF05-319E-9F2D88412253}.Release|Any CPU.ActiveCfg = Release|Any CPU
		{2B7BFE68-4CC9-AF05-319E-9F2D88412253}.Release|Any CPU.Build.0 = Release|Any CPU
		{A215C375-8EB8-A78D-7A24-BF7F6A7962CE}.Debug|Any CPU.ActiveCfg = Debug|Any CPU
		{A215C375-8EB8-A78D-7A24-BF7F6A7962CE}.Debug|Any CPU.Build.0 = Debug|Any CPU
		{A215C375-8EB8-A78D-7A24-BF7F6A7962CE}.Release|Any CPU.ActiveCfg = Release|Any CPU
		{A215C375-8EB8-A78D-7A24-BF7F6A7962CE}.Release|Any CPU.Build.0 = Release|Any CPU
		{7412F675-2303-F183-8371-F484B03C14A3}.Debug|Any CPU.ActiveCfg = Debug|Any CPU
		{7412F675-2303-F183-8371-F484B03C14A3}.Debug|Any CPU.Build.0 = Debug|Any CPU
		{7412F675-2303-F183-8371-F484B03C14A3}.Release|Any CPU.ActiveCfg = Release|Any CPU
		{7412F675-2303-F183-8371-F484B03C14A3}.Release|Any CPU.Build.0 = Release|Any CPU
		{8D4A63A1-2FCC-7B15-2AF0-A7F4237C2164}.Debug|Any CPU.ActiveCfg = Debug|Any CPU
		{8D4A63A1-2FCC-7B15-2AF0-A7F4237C2164}.Debug|Any CPU.Build.0 = Debug|Any CPU
		{8D4A63A1-2FCC-7B15-2AF0-A7F4237C2164}.Release|Any CPU.ActiveCfg = Release|Any CPU
		{8D4A63A1-2FCC-7B15-2AF0-A7F4237C2164}.Release|Any CPU.Build.0 = Release|Any CPU
		{C540CA97-8B78-FB61-1FCF-3BD0F3058539}.Debug|Any CPU.ActiveCfg = Debug|Any CPU
		{C540CA97-8B78-FB61-1FCF-3BD0F3058539}.Debug|Any CPU.Build.0 = Debug|Any CPU
		{C540CA97-8B78-FB61-1FCF-3BD0F3058539}.Release|Any CPU.ActiveCfg = Release|Any CPU
		{C540CA97-8B78-FB61-1FCF-3BD0F3058539}.Release|Any CPU.Build.0 = Release|Any CPU
		{2C6B7C00-F4D9-31CF-3887-B5D9343096BD}.Debug|Any CPU.ActiveCfg = Debug|Any CPU
		{2C6B7C00-F4D9-31CF-3887-B5D9343096BD}.Debug|Any CPU.Build.0 = Debug|Any CPU
		{2C6B7C00-F4D9-31CF-3887-B5D9343096BD}.Release|Any CPU.ActiveCfg = Release|Any CPU
		{2C6B7C00-F4D9-31CF-3887-B5D9343096BD}.Release|Any CPU.Build.0 = Release|Any CPU
		{D6D5A424-FCED-F78A-CA73-2DFC176713D4}.Debug|Any CPU.ActiveCfg = Debug|Any CPU
		{D6D5A424-FCED-F78A-CA73-2DFC176713D4}.Debug|Any CPU.Build.0 = Debug|Any CPU
		{D6D5A424-FCED-F78A-CA73-2DFC176713D4}.Release|Any CPU.ActiveCfg = Release|Any CPU
		{D6D5A424-FCED-F78A-CA73-2DFC176713D4}.Release|Any CPU.Build.0 = Release|Any CPU
		{B43523EE-357D-FD53-2C49-F0C953D1C4B1}.Debug|Any CPU.ActiveCfg = Debug|Any CPU
		{B43523EE-357D-FD53-2C49-F0C953D1C4B1}.Debug|Any CPU.Build.0 = Debug|Any CPU
		{B43523EE-357D-FD53-2C49-F0C953D1C4B1}.Release|Any CPU.ActiveCfg = Release|Any CPU
		{B43523EE-357D-FD53-2C49-F0C953D1C4B1}.Release|Any CPU.Build.0 = Release|Any CPU
		{D610F542-B1A9-35FC-EC38-3614760677F5}.Debug|Any CPU.ActiveCfg = Debug|Any CPU
		{D610F542-B1A9-35FC-EC38-3614760677F5}.Debug|Any CPU.Build.0 = Debug|Any CPU
		{D610F542-B1A9-35FC-EC38-3614760677F5}.Release|Any CPU.ActiveCfg = Release|Any CPU
		{D610F542-B1A9-35FC-EC38-3614760677F5}.Release|Any CPU.Build.0 = Release|Any CPU
		{5DCEB084-7902-03F3-8ED7-49A194247B45}.Debug|Any CPU.ActiveCfg = Debug|Any CPU
		{5DCEB084-7902-03F3-8ED7-49A194247B45}.Debug|Any CPU.Build.0 = Debug|Any CPU
		{5DCEB084-7902-03F3-8ED7-49A194247B45}.Release|Any CPU.ActiveCfg = Release|Any CPU
		{5DCEB084-7902-03F3-8ED7-49A194247B45}.Release|Any CPU.Build.0 = Release|Any CPU
		{F23C5217-2EB7-A644-DA4E-7A8296DAAF18}.Debug|Any CPU.ActiveCfg = Debug|Any CPU
		{F23C5217-2EB7-A644-DA4E-7A8296DAAF18}.Debug|Any CPU.Build.0 = Debug|Any CPU
		{F23C5217-2EB7-A644-DA4E-7A8296DAAF18}.Release|Any CPU.ActiveCfg = Release|Any CPU
		{F23C5217-2EB7-A644-DA4E-7A8296DAAF18}.Release|Any CPU.Build.0 = Release|Any CPU
		{80A7DCCA-57CD-A0B8-85E6-757006A4E0F2}.Debug|Any CPU.ActiveCfg = Debug|Any CPU
		{80A7DCCA-57CD-A0B8-85E6-757006A4E0F2}.Debug|Any CPU.Build.0 = Debug|Any CPU
		{80A7DCCA-57CD-A0B8-85E6-757006A4E0F2}.Release|Any CPU.ActiveCfg = Release|Any CPU
		{80A7DCCA-57CD-A0B8-85E6-757006A4E0F2}.Release|Any CPU.Build.0 = Release|Any CPU
		{7A8361CF-D92D-E093-F1EF-F8B157224369}.Debug|Any CPU.ActiveCfg = Debug|Any CPU
		{7A8361CF-D92D-E093-F1EF-F8B157224369}.Debug|Any CPU.Build.0 = Debug|Any CPU
		{7A8361CF-D92D-E093-F1EF-F8B157224369}.Release|Any CPU.ActiveCfg = Release|Any CPU
		{7A8361CF-D92D-E093-F1EF-F8B157224369}.Release|Any CPU.Build.0 = Release|Any CPU
		{725A16AA-3960-416B-9041-6DCADE6DD0C9}.Debug|Any CPU.ActiveCfg = Debug|Any CPU
		{725A16AA-3960-416B-9041-6DCADE6DD0C9}.Debug|Any CPU.Build.0 = Debug|Any CPU
		{725A16AA-3960-416B-9041-6DCADE6DD0C9}.Release|Any CPU.ActiveCfg = Release|Any CPU
		{725A16AA-3960-416B-9041-6DCADE6DD0C9}.Release|Any CPU.Build.0 = Release|Any CPU
		{F53CF72E-4A2E-D796-56A0-E3E9F286576C}.Debug|Any CPU.ActiveCfg = Debug|Any CPU
		{F53CF72E-4A2E-D796-56A0-E3E9F286576C}.Debug|Any CPU.Build.0 = Debug|Any CPU
		{F53CF72E-4A2E-D796-56A0-E3E9F286576C}.Release|Any CPU.ActiveCfg = Release|Any CPU
		{F53CF72E-4A2E-D796-56A0-E3E9F286576C}.Release|Any CPU.Build.0 = Release|Any CPU
		{84E51594-4D0A-8819-CFF9-A65240C1FA71}.Debug|Any CPU.ActiveCfg = Debug|Any CPU
		{84E51594-4D0A-8819-CFF9-A65240C1FA71}.Debug|Any CPU.Build.0 = Debug|Any CPU
		{84E51594-4D0A-8819-CFF9-A65240C1FA71}.Release|Any CPU.ActiveCfg = Release|Any CPU
		{84E51594-4D0A-8819-CFF9-A65240C1FA71}.Release|Any CPU.Build.0 = Release|Any CPU
		{4373C282-E739-E63A-5DEA-D2A497E04643}.Debug|Any CPU.ActiveCfg = Debug|Any CPU
		{4373C282-E739-E63A-5DEA-D2A497E04643}.Debug|Any CPU.Build.0 = Debug|Any CPU
		{4373C282-E739-E63A-5DEA-D2A497E04643}.Release|Any CPU.ActiveCfg = Release|Any CPU
		{4373C282-E739-E63A-5DEA-D2A497E04643}.Release|Any CPU.Build.0 = Release|Any CPU
		{BC9B7A1A-C7BF-E838-52FD-AF40B83BEBF3}.Debug|Any CPU.ActiveCfg = Debug|Any CPU
		{BC9B7A1A-C7BF-E838-52FD-AF40B83BEBF3}.Debug|Any CPU.Build.0 = Debug|Any CPU
		{BC9B7A1A-C7BF-E838-52FD-AF40B83BEBF3}.Release|Any CPU.ActiveCfg = Release|Any CPU
		{BC9B7A1A-C7BF-E838-52FD-AF40B83BEBF3}.Release|Any CPU.Build.0 = Release|Any CPU
		{F0DA584C-A9E8-B68D-5C69-57E0E3FC46EB}.Debug|Any CPU.ActiveCfg = Debug|Any CPU
		{F0DA584C-A9E8-B68D-5C69-57E0E3FC46EB}.Debug|Any CPU.Build.0 = Debug|Any CPU
		{F0DA584C-A9E8-B68D-5C69-57E0E3FC46EB}.Release|Any CPU.ActiveCfg = Release|Any CPU
		{F0DA584C-A9E8-B68D-5C69-57E0E3FC46EB}.Release|Any CPU.Build.0 = Release|Any CPU
		{323DC0D2-5284-FE9B-A8F4-AB8549CFF0B9}.Debug|Any CPU.ActiveCfg = Debug|Any CPU
		{323DC0D2-5284-FE9B-A8F4-AB8549CFF0B9}.Debug|Any CPU.Build.0 = Debug|Any CPU
		{323DC0D2-5284-FE9B-A8F4-AB8549CFF0B9}.Release|Any CPU.ActiveCfg = Release|Any CPU
		{323DC0D2-5284-FE9B-A8F4-AB8549CFF0B9}.Release|Any CPU.Build.0 = Release|Any CPU
		{68069635-FE86-69E8-DE3D-1473AADA9270}.Debug|Any CPU.ActiveCfg = Debug|Any CPU
		{68069635-FE86-69E8-DE3D-1473AADA9270}.Debug|Any CPU.Build.0 = Debug|Any CPU
		{68069635-FE86-69E8-DE3D-1473AADA9270}.Release|Any CPU.ActiveCfg = Release|Any CPU
		{68069635-FE86-69E8-DE3D-1473AADA9270}.Release|Any CPU.Build.0 = Release|Any CPU
		{61E72658-9DFD-FBE9-DC60-3DCB0C8EA4C2}.Debug|Any CPU.ActiveCfg = Debug|Any CPU
		{61E72658-9DFD-FBE9-DC60-3DCB0C8EA4C2}.Debug|Any CPU.Build.0 = Debug|Any CPU
		{61E72658-9DFD-FBE9-DC60-3DCB0C8EA4C2}.Release|Any CPU.ActiveCfg = Release|Any CPU
		{61E72658-9DFD-FBE9-DC60-3DCB0C8EA4C2}.Release|Any CPU.Build.0 = Release|Any CPU
		{31F9A3FB-DC05-2AD7-8987-24413B6F8AC8}.Debug|Any CPU.ActiveCfg = Debug|Any CPU
		{31F9A3FB-DC05-2AD7-8987-24413B6F8AC8}.Debug|Any CPU.Build.0 = Debug|Any CPU
		{31F9A3FB-DC05-2AD7-8987-24413B6F8AC8}.Release|Any CPU.ActiveCfg = Release|Any CPU
		{31F9A3FB-DC05-2AD7-8987-24413B6F8AC8}.Release|Any CPU.Build.0 = Release|Any CPU
		{67395B8E-A7D0-0AE7-095A-5F08EACBE978}.Debug|Any CPU.ActiveCfg = Debug|Any CPU
		{67395B8E-A7D0-0AE7-095A-5F08EACBE978}.Debug|Any CPU.Build.0 = Debug|Any CPU
		{67395B8E-A7D0-0AE7-095A-5F08EACBE978}.Release|Any CPU.ActiveCfg = Release|Any CPU
		{67395B8E-A7D0-0AE7-095A-5F08EACBE978}.Release|Any CPU.Build.0 = Release|Any CPU
		{D4854FE3-C1B1-A29F-64CA-0D68A35F9157}.Debug|Any CPU.ActiveCfg = Debug|Any CPU
		{D4854FE3-C1B1-A29F-64CA-0D68A35F9157}.Debug|Any CPU.Build.0 = Debug|Any CPU
		{D4854FE3-C1B1-A29F-64CA-0D68A35F9157}.Release|Any CPU.ActiveCfg = Release|Any CPU
		{D4854FE3-C1B1-A29F-64CA-0D68A35F9157}.Release|Any CPU.Build.0 = Release|Any CPU
		{9E5E785D-3A5B-2596-5BDD-7296CA79A370}.Debug|Any CPU.ActiveCfg = Debug|Any CPU
		{9E5E785D-3A5B-2596-5BDD-7296CA79A370}.Debug|Any CPU.Build.0 = Debug|Any CPU
		{9E5E785D-3A5B-2596-5BDD-7296CA79A370}.Release|Any CPU.ActiveCfg = Release|Any CPU
		{9E5E785D-3A5B-2596-5BDD-7296CA79A370}.Release|Any CPU.Build.0 = Release|Any CPU
		{65AAF4B1-5295-03EE-5876-46C52C2AEA09}.Debug|Any CPU.ActiveCfg = Debug|Any CPU
		{65AAF4B1-5295-03EE-5876-46C52C2AEA09}.Debug|Any CPU.Build.0 = Debug|Any CPU
		{65AAF4B1-5295-03EE-5876-46C52C2AEA09}.Release|Any CPU.ActiveCfg = Release|Any CPU
		{65AAF4B1-5295-03EE-5876-46C52C2AEA09}.Release|Any CPU.Build.0 = Release|Any CPU
		{236779CB-3982-4D4B-02B0-0613635D620E}.Debug|Any CPU.ActiveCfg = Debug|Any CPU
		{236779CB-3982-4D4B-02B0-0613635D620E}.Debug|Any CPU.Build.0 = Debug|Any CPU
		{236779CB-3982-4D4B-02B0-0613635D620E}.Release|Any CPU.ActiveCfg = Release|Any CPU
		{236779CB-3982-4D4B-02B0-0613635D620E}.Release|Any CPU.Build.0 = Release|Any CPU
		{9B7A556E-2621-72B5-C372-D921E65D004F}.Debug|Any CPU.ActiveCfg = Debug|Any CPU
		{9B7A556E-2621-72B5-C372-D921E65D004F}.Debug|Any CPU.Build.0 = Debug|Any CPU
		{9B7A556E-2621-72B5-C372-D921E65D004F}.Release|Any CPU.ActiveCfg = Release|Any CPU
		{9B7A556E-2621-72B5-C372-D921E65D004F}.Release|Any CPU.Build.0 = Release|Any CPU
	EndGlobalSection
	GlobalSection(SolutionProperties) = preSolution
		HideSolutionNode = FALSE
	EndGlobalSection
EndGlobal
